
Microsoft Visual Studio Solution File, Format Version 12.00
# Visual Studio Version 16
VisualStudioVersion = 16.0.30323.103
MinimumVisualStudioVersion = 10.0.40219.1
Project("{9A19103F-16F7-4668-BE54-9A1E7A4F7556}") = "BlazorBlog.Server", "BlazorBlog\Server\BlazorBlog.Server.csproj", "{61CCD269-A281-475B-B72D-79D34AA7833D}"
EndProject
Project("{9A19103F-16F7-4668-BE54-9A1E7A4F7556}") = "BlazorBlog.Client", "BlazorBlog\Client\BlazorBlog.Client.csproj", "{8B928F8B-07A2-4E2B-A7A7-CB000C0A5A90}"
EndProject
Project("{9A19103F-16F7-4668-BE54-9A1E7A4F7556}") = "BlazorBlog.Shared", "BlazorBlog\Shared\BlazorBlog.Shared.csproj", "{1840CF21-2943-491A-8E95-65BBB06739D1}"
EndProject
Global
	GlobalSection(SolutionConfigurationPlatforms) = preSolution
		Debug|Any CPU = Debug|Any CPU
		Release|Any CPU = Release|Any CPU
	EndGlobalSection
	GlobalSection(ProjectConfigurationPlatforms) = postSolution
		{61CCD269-A281-475B-B72D-79D34AA7833D}.Debug|Any CPU.ActiveCfg = Debug|Any CPU
		{61CCD269-A281-475B-B72D-79D34AA7833D}.Debug|Any CPU.Build.0 = Debug|Any CPU
		{61CCD269-A281-475B-B72D-79D34AA7833D}.Release|Any CPU.ActiveCfg = Release|Any CPU
		{61CCD269-A281-475B-B72D-79D34AA7833D}.Release|Any CPU.Build.0 = Release|Any CPU
		{8B928F8B-07A2-4E2B-A7A7-CB000C0A5A90}.Debug|Any CPU.ActiveCfg = Debug|Any CPU
		{8B928F8B-07A2-4E2B-A7A7-CB000C0A5A90}.Debug|Any CPU.Build.0 = Debug|Any CPU
		{8B928F8B-07A2-4E2B-A7A7-CB000C0A5A90}.Release|Any CPU.ActiveCfg = Release|Any CPU
		{8B928F8B-07A2-4E2B-A7A7-CB000C0A5A90}.Release|Any CPU.Build.0 = Release|Any CPU
		{1840CF21-2943-491A-8E95-65BBB06739D1}.Debug|Any CPU.ActiveCfg = Debug|Any CPU
		{1840CF21-2943-491A-8E95-65BBB06739D1}.Debug|Any CPU.Build.0 = Debug|Any CPU
		{1840CF21-2943-491A-8E95-65BBB06739D1}.Release|Any CPU.ActiveCfg = Release|Any CPU
		{1840CF21-2943-491A-8E95-65BBB06739D1}.Release|Any CPU.Build.0 = Release|Any CPU
	EndGlobalSection
	GlobalSection(SolutionProperties) = preSolution
		HideSolutionNode = FALSE
	EndGlobalSection
	GlobalSection(ExtensibilityGlobals) = postSolution
		SolutionGuid = {A3C26332-ED47-438E-B5A6-2867D8343AE7}
	EndGlobalSection
EndGlobal
